
Microsoft Visual Studio Solution File, Format Version 12.00
# Visual Studio 15
Project("{FAE04EC0-301F-11D3-BF4B-00C04F79EFBC}") = "Assembly-CSharp", "Assembly-CSharp.csproj", "{6262FDD4-F7E9-F340-8023-BA4A286E0C51}"
EndProject
Project("{FAE04EC0-301F-11D3-BF4B-00C04F79EFBC}") = "Unity.2D.Tilemap.Extras", "Unity.2D.Tilemap.Extras.csproj", "{ACE6903F-4C5B-2C0E-D015-80F9D656FD9E}"
EndProject
Project("{FAE04EC0-301F-11D3-BF4B-00C04F79EFBC}") = "Unity.2D.Tilemap.Extras.Editor", "Unity.2D.Tilemap.Extras.Editor.csproj", "{7FFB4F49-C8C2-44EA-E69D-A86A361631EE}"
EndProject
Project("{FAE04EC0-301F-11D3-BF4B-00C04F79EFBC}") = "Unity.2D.Tilemap.Extras.Placeholder.EditorTests", "Unity.2D.Tilemap.Extras.Placeholder.EditorTests.csproj", "{66D301D7-681D-9DAC-20B0-5CC16097F003}"
EndProject
Global
	GlobalSection(SolutionConfigurationPlatforms) = preSolution
		Debug|Any CPU = Debug|Any CPU
		Release|Any CPU = Release|Any CPU
	EndGlobalSection
	GlobalSection(ProjectConfigurationPlatforms) = postSolution
		{6262FDD4-F7E9-F340-8023-BA4A286E0C51}.Debug|Any CPU.ActiveCfg = Debug|Any CPU
		{6262FDD4-F7E9-F340-8023-BA4A286E0C51}.Debug|Any CPU.Build.0 = Debug|Any CPU
		{6262FDD4-F7E9-F340-8023-BA4A286E0C51}.Release|Any CPU.ActiveCfg = Release|Any CPU
		{6262FDD4-F7E9-F340-8023-BA4A286E0C51}.Release|Any CPU.Build.0 = Release|Any CPU
		{ACE6903F-4C5B-2C0E-D015-80F9D656FD9E}.Debug|Any CPU.ActiveCfg = Debug|Any CPU
		{ACE6903F-4C5B-2C0E-D015-80F9D656FD9E}.Debug|Any CPU.Build.0 = Debug|Any CPU
		{ACE6903F-4C5B-2C0E-D015-80F9D656FD9E}.Release|Any CPU.ActiveCfg = Release|Any CPU
		{ACE6903F-4C5B-2C0E-D015-80F9D656FD9E}.Release|Any CPU.Build.0 = Release|Any CPU
		{7FFB4F49-C8C2-44EA-E69D-A86A361631EE}.Debug|Any CPU.ActiveCfg = Debug|Any CPU
		{7FFB4F49-C8C2-44EA-E69D-A86A361631EE}.Debug|Any CPU.Build.0 = Debug|Any CPU
		{7FFB4F49-C8C2-44EA-E69D-A86A361631EE}.Release|Any CPU.ActiveCfg = Release|Any CPU
		{7FFB4F49-C8C2-44EA-E69D-A86A361631EE}.Release|Any CPU.Build.0 = Release|Any CPU
		{66D301D7-681D-9DAC-20B0-5CC16097F003}.Debug|Any CPU.ActiveCfg = Debug|Any CPU
		{66D301D7-681D-9DAC-20B0-5CC16097F003}.Debug|Any CPU.Build.0 = Debug|Any CPU
		{66D301D7-681D-9DAC-20B0-5CC16097F003}.Release|Any CPU.ActiveCfg = Release|Any CPU
		{66D301D7-681D-9DAC-20B0-5CC16097F003}.Release|Any CPU.Build.0 = Release|Any CPU
	EndGlobalSection
	GlobalSection(SolutionProperties) = preSolution
		HideSolutionNode = FALSE
	EndGlobalSection
EndGlobal
